
Microsoft Visual Studio Solution File, Format Version 12.00
# Visual Studio Version 16
VisualStudioVersion = 16.0.29123.88
MinimumVisualStudioVersion = 10.0.40219.1
Project("{FAE04EC0-301F-11D3-BF4B-00C04F79EFBC}") = "WPF", "WPF\WPF.csproj", "{4F706926-4714-400C-94C6-D305FBD7AAC8}"
EndProject
Project("{FAE04EC0-301F-11D3-BF4B-00C04F79EFBC}") = "Common", "Common\Common.csproj", "{0FC001E1-44B0-4897-A3B1-A22A31683D32}"
EndProject
Project("{FAE04EC0-301F-11D3-BF4B-00C04F79EFBC}") = "Common_Backend", "Common_Backend\Common_Backend.csproj", "{F7D6C30C-9906-44CB-BE83-9A5097872676}"
EndProject
Project("{FAE04EC0-301F-11D3-BF4B-00C04F79EFBC}") = "REST", "REST\REST.csproj", "{E0CA1453-942F-4365-8862-D13A167188FF}"
EndProject
Project("{FAE04EC0-301F-11D3-BF4B-00C04F79EFBC}") = "ClientApp", "ClientApp\ClientApp.csproj", "{229165CF-5028-4FE7-80AD-FFB20EFA6117}"
EndProject
Project("{FAE04EC0-301F-11D3-BF4B-00C04F79EFBC}") = "App.UWP", "App\App.UWP\App.UWP.csproj", "{1BCD58DE-E35E-4D3B-B510-D8DBA05A75E7}"
EndProject
Project("{FAE04EC0-301F-11D3-BF4B-00C04F79EFBC}") = "App.Android", "App\App.Android\App.Android.csproj", "{197D6A92-35A3-481C-AB17-F0798B8B891F}"
EndProject
Project("{FAE04EC0-301F-11D3-BF4B-00C04F79EFBC}") = "App.iOS", "App\App.iOS\App.iOS.csproj", "{E88D0734-07B5-45B9-8C33-4B43B9B1AC22}"
EndProject
Project("{FAE04EC0-301F-11D3-BF4B-00C04F79EFBC}") = "App", "App\App\App.csproj", "{3E68027D-3D49-4A46-B750-93B01CF2D13E}"
EndProject
Global
	GlobalSection(SolutionConfigurationPlatforms) = preSolution
		Debug|Any CPU = Debug|Any CPU
		Debug|ARM = Debug|ARM
		Debug|iPhone = Debug|iPhone
		Debug|iPhoneSimulator = Debug|iPhoneSimulator
		Debug|x64 = Debug|x64
		Debug|x86 = Debug|x86
		Release|Any CPU = Release|Any CPU
		Release|ARM = Release|ARM
		Release|iPhone = Release|iPhone
		Release|iPhoneSimulator = Release|iPhoneSimulator
		Release|x64 = Release|x64
		Release|x86 = Release|x86
	EndGlobalSection
	GlobalSection(ProjectConfigurationPlatforms) = postSolution
		{4F706926-4714-400C-94C6-D305FBD7AAC8}.Debug|Any CPU.ActiveCfg = Debug|Any CPU
		{4F706926-4714-400C-94C6-D305FBD7AAC8}.Debug|Any CPU.Build.0 = Debug|Any CPU
		{4F706926-4714-400C-94C6-D305FBD7AAC8}.Debug|ARM.ActiveCfg = Debug|Any CPU
		{4F706926-4714-400C-94C6-D305FBD7AAC8}.Debug|ARM.Build.0 = Debug|Any CPU
		{4F706926-4714-400C-94C6-D305FBD7AAC8}.Debug|iPhone.ActiveCfg = Debug|Any CPU
		{4F706926-4714-400C-94C6-D305FBD7AAC8}.Debug|iPhone.Build.0 = Debug|Any CPU
		{4F706926-4714-400C-94C6-D305FBD7AAC8}.Debug|iPhoneSimulator.ActiveCfg = Debug|Any CPU
		{4F706926-4714-400C-94C6-D305FBD7AAC8}.Debug|iPhoneSimulator.Build.0 = Debug|Any CPU
		{4F706926-4714-400C-94C6-D305FBD7AAC8}.Debug|x64.ActiveCfg = Debug|Any CPU
		{4F706926-4714-400C-94C6-D305FBD7AAC8}.Debug|x64.Build.0 = Debug|Any CPU
		{4F706926-4714-400C-94C6-D305FBD7AAC8}.Debug|x86.ActiveCfg = Debug|Any CPU
		{4F706926-4714-400C-94C6-D305FBD7AAC8}.Debug|x86.Build.0 = Debug|Any CPU
		{4F706926-4714-400C-94C6-D305FBD7AAC8}.Release|Any CPU.ActiveCfg = Release|Any CPU
		{4F706926-4714-400C-94C6-D305FBD7AAC8}.Release|Any CPU.Build.0 = Release|Any CPU
		{4F706926-4714-400C-94C6-D305FBD7AAC8}.Release|ARM.ActiveCfg = Release|Any CPU
		{4F706926-4714-400C-94C6-D305FBD7AAC8}.Release|ARM.Build.0 = Release|Any CPU
		{4F706926-4714-400C-94C6-D305FBD7AAC8}.Release|iPhone.ActiveCfg = Release|Any CPU
		{4F706926-4714-400C-94C6-D305FBD7AAC8}.Release|iPhone.Build.0 = Release|Any CPU
		{4F706926-4714-400C-94C6-D305FBD7AAC8}.Release|iPhoneSimulator.ActiveCfg = Release|Any CPU
		{4F706926-4714-400C-94C6-D305FBD7AAC8}.Release|iPhoneSimulator.Build.0 = Release|Any CPU
		{4F706926-4714-400C-94C6-D305FBD7AAC8}.Release|x64.ActiveCfg = Release|Any CPU
		{4F706926-4714-400C-94C6-D305FBD7AAC8}.Release|x64.Build.0 = Release|Any CPU
		{4F706926-4714-400C-94C6-D305FBD7AAC8}.Release|x86.ActiveCfg = Release|Any CPU
		{4F706926-4714-400C-94C6-D305FBD7AAC8}.Release|x86.Build.0 = Release|Any CPU
		{0FC001E1-44B0-4897-A3B1-A22A31683D32}.Debug|Any CPU.ActiveCfg = Debug|Any CPU
		{0FC001E1-44B0-4897-A3B1-A22A31683D32}.Debug|Any CPU.Build.0 = Debug|Any CPU
		{0FC001E1-44B0-4897-A3B1-A22A31683D32}.Debug|ARM.ActiveCfg = Debug|Any CPU
		{0FC001E1-44B0-4897-A3B1-A22A31683D32}.Debug|ARM.Build.0 = Debug|Any CPU
		{0FC001E1-44B0-4897-A3B1-A22A31683D32}.Debug|iPhone.ActiveCfg = Debug|Any CPU
		{0FC001E1-44B0-4897-A3B1-A22A31683D32}.Debug|iPhone.Build.0 = Debug|Any CPU
		{0FC001E1-44B0-4897-A3B1-A22A31683D32}.Debug|iPhoneSimulator.ActiveCfg = Debug|Any CPU
		{0FC001E1-44B0-4897-A3B1-A22A31683D32}.Debug|iPhoneSimulator.Build.0 = Debug|Any CPU
		{0FC001E1-44B0-4897-A3B1-A22A31683D32}.Debug|x64.ActiveCfg = Debug|Any CPU
		{0FC001E1-44B0-4897-A3B1-A22A31683D32}.Debug|x64.Build.0 = Debug|Any CPU
		{0FC001E1-44B0-4897-A3B1-A22A31683D32}.Debug|x86.ActiveCfg = Debug|Any CPU
		{0FC001E1-44B0-4897-A3B1-A22A31683D32}.Debug|x86.Build.0 = Debug|Any CPU
		{0FC001E1-44B0-4897-A3B1-A22A31683D32}.Release|Any CPU.ActiveCfg = Release|Any CPU
		{0FC001E1-44B0-4897-A3B1-A22A31683D32}.Release|Any CPU.Build.0 = Release|Any CPU
		{0FC001E1-44B0-4897-A3B1-A22A31683D32}.Release|ARM.ActiveCfg = Release|Any CPU
		{0FC001E1-44B0-4897-A3B1-A22A31683D32}.Release|ARM.Build.0 = Release|Any CPU
		{0FC001E1-44B0-4897-A3B1-A22A31683D32}.Release|iPhone.ActiveCfg = Release|Any CPU
		{0FC001E1-44B0-4897-A3B1-A22A31683D32}.Release|iPhone.Build.0 = Release|Any CPU
		{0FC001E1-44B0-4897-A3B1-A22A31683D32}.Release|iPhoneSimulator.ActiveCfg = Release|Any CPU
		{0FC001E1-44B0-4897-A3B1-A22A31683D32}.Release|iPhoneSimulator.Build.0 = Release|Any CPU
		{0FC001E1-44B0-4897-A3B1-A22A31683D32}.Release|x64.ActiveCfg = Release|Any CPU
		{0FC001E1-44B0-4897-A3B1-A22A31683D32}.Release|x64.Build.0 = Release|Any CPU
		{0FC001E1-44B0-4897-A3B1-A22A31683D32}.Release|x86.ActiveCfg = Release|Any CPU
		{0FC001E1-44B0-4897-A3B1-A22A31683D32}.Release|x86.Build.0 = Release|Any CPU
		{F7D6C30C-9906-44CB-BE83-9A5097872676}.Debug|Any CPU.ActiveCfg = Debug|Any CPU
		{F7D6C30C-9906-44CB-BE83-9A5097872676}.Debug|Any CPU.Build.0 = Debug|Any CPU
		{F7D6C30C-9906-44CB-BE83-9A5097872676}.Debug|ARM.ActiveCfg = Debug|Any CPU
		{F7D6C30C-9906-44CB-BE83-9A5097872676}.Debug|ARM.Build.0 = Debug|Any CPU
		{F7D6C30C-9906-44CB-BE83-9A5097872676}.Debug|iPhone.ActiveCfg = Debug|Any CPU
		{F7D6C30C-9906-44CB-BE83-9A5097872676}.Debug|iPhone.Build.0 = Debug|Any CPU
		{F7D6C30C-9906-44CB-BE83-9A5097872676}.Debug|iPhoneSimulator.ActiveCfg = Debug|Any CPU
		{F7D6C30C-9906-44CB-BE83-9A5097872676}.Debug|iPhoneSimulator.Build.0 = Debug|Any CPU
		{F7D6C30C-9906-44CB-BE83-9A5097872676}.Debug|x64.ActiveCfg = Debug|Any CPU
		{F7D6C30C-9906-44CB-BE83-9A5097872676}.Debug|x64.Build.0 = Debug|Any CPU
		{F7D6C30C-9906-44CB-BE83-9A5097872676}.Debug|x86.ActiveCfg = Debug|Any CPU
		{F7D6C30C-9906-44CB-BE83-9A5097872676}.Debug|x86.Build.0 = Debug|Any CPU
		{F7D6C30C-9906-44CB-BE83-9A5097872676}.Release|Any CPU.ActiveCfg = Release|Any CPU
		{F7D6C30C-9906-44CB-BE83-9A5097872676}.Release|Any CPU.Build.0 = Release|Any CPU
		{F7D6C30C-9906-44CB-BE83-9A5097872676}.Release|ARM.ActiveCfg = Release|Any CPU
		{F7D6C30C-9906-44CB-BE83-9A5097872676}.Release|ARM.Build.0 = Release|Any CPU
		{F7D6C30C-9906-44CB-BE83-9A5097872676}.Release|iPhone.ActiveCfg = Release|Any CPU
		{F7D6C30C-9906-44CB-BE83-9A5097872676}.Release|iPhone.Build.0 = Release|Any CPU
		{F7D6C30C-9906-44CB-BE83-9A5097872676}.Release|iPhoneSimulator.ActiveCfg = Release|Any CPU
		{F7D6C30C-9906-44CB-BE83-9A5097872676}.Release|iPhoneSimulator.Build.0 = Release|Any CPU
		{F7D6C30C-9906-44CB-BE83-9A5097872676}.Release|x64.ActiveCfg = Release|Any CPU
		{F7D6C30C-9906-44CB-BE83-9A5097872676}.Release|x64.Build.0 = Release|Any CPU
		{F7D6C30C-9906-44CB-BE83-9A5097872676}.Release|x86.ActiveCfg = Release|Any CPU
		{F7D6C30C-9906-44CB-BE83-9A5097872676}.Release|x86.Build.0 = Release|Any CPU
		{E0CA1453-942F-4365-8862-D13A167188FF}.Debug|Any CPU.ActiveCfg = Debug|Any CPU
		{E0CA1453-942F-4365-8862-D13A167188FF}.Debug|Any CPU.Build.0 = Debug|Any CPU
		{E0CA1453-942F-4365-8862-D13A167188FF}.Debug|ARM.ActiveCfg = Debug|Any CPU
		{E0CA1453-942F-4365-8862-D13A167188FF}.Debug|ARM.Build.0 = Debug|Any CPU
		{E0CA1453-942F-4365-8862-D13A167188FF}.Debug|iPhone.ActiveCfg = Debug|Any CPU
		{E0CA1453-942F-4365-8862-D13A167188FF}.Debug|iPhone.Build.0 = Debug|Any CPU
		{E0CA1453-942F-4365-8862-D13A167188FF}.Debug|iPhoneSimulator.ActiveCfg = Debug|Any CPU
		{E0CA1453-942F-4365-8862-D13A167188FF}.Debug|iPhoneSimulator.Build.0 = Debug|Any CPU
		{E0CA1453-942F-4365-8862-D13A167188FF}.Debug|x64.ActiveCfg = Debug|Any CPU
		{E0CA1453-942F-4365-8862-D13A167188FF}.Debug|x64.Build.0 = Debug|Any CPU
		{E0CA1453-942F-4365-8862-D13A167188FF}.Debug|x86.ActiveCfg = Debug|Any CPU
		{E0CA1453-942F-4365-8862-D13A167188FF}.Debug|x86.Build.0 = Debug|Any CPU
		{E0CA1453-942F-4365-8862-D13A167188FF}.Release|Any CPU.ActiveCfg = Release|Any CPU
		{E0CA1453-942F-4365-8862-D13A167188FF}.Release|Any CPU.Build.0 = Release|Any CPU
		{E0CA1453-942F-4365-8862-D13A167188FF}.Release|ARM.ActiveCfg = Release|Any CPU
		{E0CA1453-942F-4365-8862-D13A167188FF}.Release|ARM.Build.0 = Release|Any CPU
		{E0CA1453-942F-4365-8862-D13A167188FF}.Release|iPhone.ActiveCfg = Release|Any CPU
		{E0CA1453-942F-4365-8862-D13A167188FF}.Release|iPhone.Build.0 = Release|Any CPU
		{E0CA1453-942F-4365-8862-D13A167188FF}.Release|iPhoneSimulator.ActiveCfg = Release|Any CPU
		{E0CA1453-942F-4365-8862-D13A167188FF}.Release|iPhoneSimulator.Build.0 = Release|Any CPU
		{E0CA1453-942F-4365-8862-D13A167188FF}.Release|x64.ActiveCfg = Release|Any CPU
		{E0CA1453-942F-4365-8862-D13A167188FF}.Release|x64.Build.0 = Release|Any CPU
		{E0CA1453-942F-4365-8862-D13A167188FF}.Release|x86.ActiveCfg = Release|Any CPU
		{E0CA1453-942F-4365-8862-D13A167188FF}.Release|x86.Build.0 = Release|Any CPU
		{229165CF-5028-4FE7-80AD-FFB20EFA6117}.Debug|Any CPU.ActiveCfg = Debug|Any CPU
		{229165CF-5028-4FE7-80AD-FFB20EFA6117}.Debug|Any CPU.Build.0 = Debug|Any CPU
		{229165CF-5028-4FE7-80AD-FFB20EFA6117}.Debug|ARM.ActiveCfg = Debug|Any CPU
		{229165CF-5028-4FE7-80AD-FFB20EFA6117}.Debug|ARM.Build.0 = Debug|Any CPU
		{229165CF-5028-4FE7-80AD-FFB20EFA6117}.Debug|iPhone.ActiveCfg = Debug|Any CPU
		{229165CF-5028-4FE7-80AD-FFB20EFA6117}.Debug|iPhone.Build.0 = Debug|Any CPU
		{229165CF-5028-4FE7-80AD-FFB20EFA6117}.Debug|iPhoneSimulator.ActiveCfg = Debug|Any CPU
		{229165CF-5028-4FE7-80AD-FFB20EFA6117}.Debug|iPhoneSimulator.Build.0 = Debug|Any CPU
		{229165CF-5028-4FE7-80AD-FFB20EFA6117}.Debug|x64.ActiveCfg = Debug|Any CPU
		{229165CF-5028-4FE7-80AD-FFB20EFA6117}.Debug|x64.Build.0 = Debug|Any CPU
		{229165CF-5028-4FE7-80AD-FFB20EFA6117}.Debug|x86.ActiveCfg = Debug|Any CPU
		{229165CF-5028-4FE7-80AD-FFB20EFA6117}.Debug|x86.Build.0 = Debug|Any CPU
		{229165CF-5028-4FE7-80AD-FFB20EFA6117}.Release|Any CPU.ActiveCfg = Release|Any CPU
		{229165CF-5028-4FE7-80AD-FFB20EFA6117}.Release|Any CPU.Build.0 = Release|Any CPU
		{229165CF-5028-4FE7-80AD-FFB20EFA6117}.Release|ARM.ActiveCfg = Release|Any CPU
		{229165CF-5028-4FE7-80AD-FFB20EFA6117}.Release|ARM.Build.0 = Release|Any CPU
		{229165CF-5028-4FE7-80AD-FFB20EFA6117}.Release|iPhone.ActiveCfg = Release|Any CPU
		{229165CF-5028-4FE7-80AD-FFB20EFA6117}.Release|iPhone.Build.0 = Release|Any CPU
		{229165CF-5028-4FE7-80AD-FFB20EFA6117}.Release|iPhoneSimulator.ActiveCfg = Release|Any CPU
		{229165CF-5028-4FE7-80AD-FFB20EFA6117}.Release|iPhoneSimulator.Build.0 = Release|Any CPU
		{229165CF-5028-4FE7-80AD-FFB20EFA6117}.Release|x64.ActiveCfg = Release|Any CPU
		{229165CF-5028-4FE7-80AD-FFB20EFA6117}.Release|x64.Build.0 = Release|Any CPU
		{229165CF-5028-4FE7-80AD-FFB20EFA6117}.Release|x86.ActiveCfg = Release|Any CPU
		{229165CF-5028-4FE7-80AD-FFB20EFA6117}.Release|x86.Build.0 = Release|Any CPU
		{1BCD58DE-E35E-4D3B-B510-D8DBA05A75E7}.Debug|Any CPU.ActiveCfg = Debug|x86
		{1BCD58DE-E35E-4D3B-B510-D8DBA05A75E7}.Debug|ARM.ActiveCfg = Debug|ARM
		{1BCD58DE-E35E-4D3B-B510-D8DBA05A75E7}.Debug|ARM.Build.0 = Debug|ARM
		{1BCD58DE-E35E-4D3B-B510-D8DBA05A75E7}.Debug|ARM.Deploy.0 = Debug|ARM
		{1BCD58DE-E35E-4D3B-B510-D8DBA05A75E7}.Debug|iPhone.ActiveCfg = Debug|x86
		{1BCD58DE-E35E-4D3B-B510-D8DBA05A75E7}.Debug|iPhoneSimulator.ActiveCfg = Debug|x86
		{1BCD58DE-E35E-4D3B-B510-D8DBA05A75E7}.Debug|x64.ActiveCfg = Debug|x64
		{1BCD58DE-E35E-4D3B-B510-D8DBA05A75E7}.Debug|x64.Build.0 = Debug|x64
		{1BCD58DE-E35E-4D3B-B510-D8DBA05A75E7}.Debug|x64.Deploy.0 = Debug|x64
		{1BCD58DE-E35E-4D3B-B510-D8DBA05A75E7}.Debug|x86.ActiveCfg = Debug|x86
		{1BCD58DE-E35E-4D3B-B510-D8DBA05A75E7}.Debug|x86.Build.0 = Debug|x86
		{1BCD58DE-E35E-4D3B-B510-D8DBA05A75E7}.Debug|x86.Deploy.0 = Debug|x86
		{1BCD58DE-E35E-4D3B-B510-D8DBA05A75E7}.Release|Any CPU.ActiveCfg = Release|x86
		{1BCD58DE-E35E-4D3B-B510-D8DBA05A75E7}.Release|ARM.ActiveCfg = Release|ARM
		{1BCD58DE-E35E-4D3B-B510-D8DBA05A75E7}.Release|ARM.Build.0 = Release|ARM
		{1BCD58DE-E35E-4D3B-B510-D8DBA05A75E7}.Release|ARM.Deploy.0 = Release|ARM
		{1BCD58DE-E35E-4D3B-B510-D8DBA05A75E7}.Release|iPhone.ActiveCfg = Release|x86
		{1BCD58DE-E35E-4D3B-B510-D8DBA05A75E7}.Release|iPhoneSimulator.ActiveCfg = Release|x86
		{1BCD58DE-E35E-4D3B-B510-D8DBA05A75E7}.Release|x64.ActiveCfg = Release|x64
		{1BCD58DE-E35E-4D3B-B510-D8DBA05A75E7}.Release|x64.Build.0 = Release|x64
		{1BCD58DE-E35E-4D3B-B510-D8DBA05A75E7}.Release|x64.Deploy.0 = Release|x64
		{1BCD58DE-E35E-4D3B-B510-D8DBA05A75E7}.Release|x86.ActiveCfg = Release|x86
		{1BCD58DE-E35E-4D3B-B510-D8DBA05A75E7}.Release|x86.Build.0 = Release|x86
		{1BCD58DE-E35E-4D3B-B510-D8DBA05A75E7}.Release|x86.Deploy.0 = Release|x86
		{197D6A92-35A3-481C-AB17-F0798B8B891F}.Debug|Any CPU.ActiveCfg = Debug|Any CPU
		{197D6A92-35A3-481C-AB17-F0798B8B891F}.Debug|Any CPU.Build.0 = Debug|Any CPU
		{197D6A92-35A3-481C-AB17-F0798B8B891F}.Debug|Any CPU.Deploy.0 = Debug|Any CPU
		{197D6A92-35A3-481C-AB17-F0798B8B891F}.Debug|ARM.ActiveCfg = Debug|Any CPU
		{197D6A92-35A3-481C-AB17-F0798B8B891F}.Debug|ARM.Build.0 = Debug|Any CPU
		{197D6A92-35A3-481C-AB17-F0798B8B891F}.Debug|ARM.Deploy.0 = Debug|Any CPU
		{197D6A92-35A3-481C-AB17-F0798B8B891F}.Debug|iPhone.ActiveCfg = Debug|Any CPU
		{197D6A92-35A3-481C-AB17-F0798B8B891F}.Debug|iPhone.Build.0 = Debug|Any CPU
		{197D6A92-35A3-481C-AB17-F0798B8B891F}.Debug|iPhone.Deploy.0 = Debug|Any CPU
		{197D6A92-35A3-481C-AB17-F0798B8B891F}.Debug|iPhoneSimulator.ActiveCfg = Debug|Any CPU
		{197D6A92-35A3-481C-AB17-F0798B8B891F}.Debug|iPhoneSimulator.Build.0 = Debug|Any CPU
		{197D6A92-35A3-481C-AB17-F0798B8B891F}.Debug|iPhoneSimulator.Deploy.0 = Debug|Any CPU
		{197D6A92-35A3-481C-AB17-F0798B8B891F}.Debug|x64.ActiveCfg = Debug|Any CPU
		{197D6A92-35A3-481C-AB17-F0798B8B891F}.Debug|x64.Build.0 = Debug|Any CPU
		{197D6A92-35A3-481C-AB17-F0798B8B891F}.Debug|x64.Deploy.0 = Debug|Any CPU
		{197D6A92-35A3-481C-AB17-F0798B8B891F}.Debug|x86.ActiveCfg = Debug|Any CPU
		{197D6A92-35A3-481C-AB17-F0798B8B891F}.Debug|x86.Build.0 = Debug|Any CPU
		{197D6A92-35A3-481C-AB17-F0798B8B891F}.Debug|x86.Deploy.0 = Debug|Any CPU
		{197D6A92-35A3-481C-AB17-F0798B8B891F}.Release|Any CPU.ActiveCfg = Release|Any CPU
		{197D6A92-35A3-481C-AB17-F0798B8B891F}.Release|Any CPU.Build.0 = Release|Any CPU
		{197D6A92-35A3-481C-AB17-F0798B8B891F}.Release|Any CPU.Deploy.0 = Release|Any CPU
		{197D6A92-35A3-481C-AB17-F0798B8B891F}.Release|ARM.ActiveCfg = Release|Any CPU
		{197D6A92-35A3-481C-AB17-F0798B8B891F}.Release|ARM.Build.0 = Release|Any CPU
		{197D6A92-35A3-481C-AB17-F0798B8B891F}.Release|ARM.Deploy.0 = Release|Any CPU
		{197D6A92-35A3-481C-AB17-F0798B8B891F}.Release|iPhone.ActiveCfg = Release|Any CPU
		{197D6A92-35A3-481C-AB17-F0798B8B891F}.Release|iPhone.Build.0 = Release|Any CPU
		{197D6A92-35A3-481C-AB17-F0798B8B891F}.Release|iPhone.Deploy.0 = Release|Any CPU
		{197D6A92-35A3-481C-AB17-F0798B8B891F}.Release|iPhoneSimulator.ActiveCfg = Release|Any CPU
		{197D6A92-35A3-481C-AB17-F0798B8B891F}.Release|iPhoneSimulator.Build.0 = Release|Any CPU
		{197D6A92-35A3-481C-AB17-F0798B8B891F}.Release|iPhoneSimulator.Deploy.0 = Release|Any CPU
		{197D6A92-35A3-481C-AB17-F0798B8B891F}.Release|x64.ActiveCfg = Release|Any CPU
		{197D6A92-35A3-481C-AB17-F0798B8B891F}.Release|x64.Build.0 = Release|Any CPU
		{197D6A92-35A3-481C-AB17-F0798B8B891F}.Release|x64.Deploy.0 = Release|Any CPU
		{197D6A92-35A3-481C-AB17-F0798B8B891F}.Release|x86.ActiveCfg = Release|Any CPU
		{197D6A92-35A3-481C-AB17-F0798B8B891F}.Release|x86.Build.0 = Release|Any CPU
		{197D6A92-35A3-481C-AB17-F0798B8B891F}.Release|x86.Deploy.0 = Release|Any CPU
		{E88D0734-07B5-45B9-8C33-4B43B9B1AC22}.Debug|Any CPU.ActiveCfg = Debug|iPhone
		{E88D0734-07B5-45B9-8C33-4B43B9B1AC22}.Debug|ARM.ActiveCfg = Debug|iPhone
		{E88D0734-07B5-45B9-8C33-4B43B9B1AC22}.Debug|iPhone.ActiveCfg = Debug|iPhone
		{E88D0734-07B5-45B9-8C33-4B43B9B1AC22}.Debug|iPhone.Build.0 = Debug|iPhone
		{E88D0734-07B5-45B9-8C33-4B43B9B1AC22}.Debug|iPhoneSimulator.ActiveCfg = Debug|iPhoneSimulator
		{E88D0734-07B5-45B9-8C33-4B43B9B1AC22}.Debug|iPhoneSimulator.Build.0 = Debug|iPhoneSimulator
		{E88D0734-07B5-45B9-8C33-4B43B9B1AC22}.Debug|x64.ActiveCfg = Debug|iPhone
		{E88D0734-07B5-45B9-8C33-4B43B9B1AC22}.Debug|x86.ActiveCfg = Debug|iPhone
		{E88D0734-07B5-45B9-8C33-4B43B9B1AC22}.Release|Any CPU.ActiveCfg = Release|iPhone
		{E88D0734-07B5-45B9-8C33-4B43B9B1AC22}.Release|ARM.ActiveCfg = Release|iPhone
		{E88D0734-07B5-45B9-8C33-4B43B9B1AC22}.Release|iPhone.ActiveCfg = Release|iPhone
		{E88D0734-07B5-45B9-8C33-4B43B9B1AC22}.Release|iPhone.Build.0 = Release|iPhone
		{E88D0734-07B5-45B9-8C33-4B43B9B1AC22}.Release|iPhoneSimulator.ActiveCfg = Release|iPhoneSimulator
		{E88D0734-07B5-45B9-8C33-4B43B9B1AC22}.Release|iPhoneSimulator.Build.0 = Release|iPhoneSimulator
		{E88D0734-07B5-45B9-8C33-4B43B9B1AC22}.Release|x64.ActiveCfg = Release|iPhone
		{E88D0734-07B5-45B9-8C33-4B43B9B1AC22}.Release|x86.ActiveCfg = Release|iPhone
		{3E68027D-3D49-4A46-B750-93B01CF2D13E}.Debug|Any CPU.ActiveCfg = Debug|Any CPU
		{3E68027D-3D49-4A46-B750-93B01CF2D13E}.Debug|Any CPU.Build.0 = Debug|Any CPU
		{3E68027D-3D49-4A46-B750-93B01CF2D13E}.Debug|ARM.ActiveCfg = Debug|Any CPU
		{3E68027D-3D49-4A46-B750-93B01CF2D13E}.Debug|ARM.Build.0 = Debug|Any CPU
		{3E68027D-3D49-4A46-B750-93B01CF2D13E}.Debug|iPhone.ActiveCfg = Debug|Any CPU
		{3E68027D-3D49-4A46-B750-93B01CF2D13E}.Debug|iPhone.Build.0 = Debug|Any CPU
		{3E68027D-3D49-4A46-B750-93B01CF2D13E}.Debug|iPhoneSimulator.ActiveCfg = Debug|Any CPU
		{3E68027D-3D49-4A46-B750-93B01CF2D13E}.Debug|iPhoneSimulator.Build.0 = Debug|Any CPU
		{3E68027D-3D49-4A46-B750-93B01CF2D13E}.Debug|x64.ActiveCfg = Debug|Any CPU
		{3E68027D-3D49-4A46-B750-93B01CF2D13E}.Debug|x64.Build.0 = Debug|Any CPU
		{3E68027D-3D49-4A46-B750-93B01CF2D13E}.Debug|x86.ActiveCfg = Debug|Any CPU
		{3E68027D-3D49-4A46-B750-93B01CF2D13E}.Debug|x86.Build.0 = Debug|Any CPU
		{3E68027D-3D49-4A46-B750-93B01CF2D13E}.Release|Any CPU.ActiveCfg = Release|Any CPU
		{3E68027D-3D49-4A46-B750-93B01CF2D13E}.Release|Any CPU.Build.0 = Release|Any CPU
		{3E68027D-3D49-4A46-B750-93B01CF2D13E}.Release|ARM.ActiveCfg = Release|Any CPU
		{3E68027D-3D49-4A46-B750-93B01CF2D13E}.Release|ARM.Build.0 = Release|Any CPU
		{3E68027D-3D49-4A46-B750-93B01CF2D13E}.Release|iPhone.ActiveCfg = Release|Any CPU
		{3E68027D-3D49-4A46-B750-93B01CF2D13E}.Release|iPhone.Build.0 = Release|Any CPU
		{3E68027D-3D49-4A46-B750-93B01CF2D13E}.Release|iPhoneSimulator.ActiveCfg = Release|Any CPU
		{3E68027D-3D49-4A46-B750-93B01CF2D13E}.Release|iPhoneSimulator.Build.0 = Release|Any CPU
		{3E68027D-3D49-4A46-B750-93B01CF2D13E}.Release|x64.ActiveCfg = Release|Any CPU
		{3E68027D-3D49-4A46-B750-93B01CF2D13E}.Release|x64.Build.0 = Release|Any CPU
		{3E68027D-3D49-4A46-B750-93B01CF2D13E}.Release|x86.ActiveCfg = Release|Any CPU
		{3E68027D-3D49-4A46-B750-93B01CF2D13E}.Release|x86.Build.0 = Release|Any CPU
	EndGlobalSection
	GlobalSection(SolutionProperties) = preSolution
		HideSolutionNode = FALSE
	EndGlobalSection
	GlobalSection(ExtensibilityGlobals) = postSolution
		SolutionGuid = {44E19816-0B1B-46B2-8F3D-F7D994F4C3B1}
	EndGlobalSection
EndGlobal
