
Microsoft Visual Studio Solution File, Format Version 12.00
# Visual Studio Version 16
VisualStudioVersion = 16.0.29123.88
MinimumVisualStudioVersion = 10.0.40219.1
Project("{FAE04EC0-301F-11D3-BF4B-00C04F79EFBC}") = "App_Accurratech.UWP", "App_Accurratech\App_Accurratech.UWP\App_Accurratech.UWP.csproj", "{A96CF875-0E10-4219-B222-4BB9AF59A505}"
EndProject
Project("{FAE04EC0-301F-11D3-BF4B-00C04F79EFBC}") = "App_Accurratech.Android", "App_Accurratech\App_Accurratech.Android\App_Accurratech.Android.csproj", "{E9B2535A-615B-4E46-A920-40CE37B9653E}"
EndProject
Project("{FAE04EC0-301F-11D3-BF4B-00C04F79EFBC}") = "App_Accurratech.iOS", "App_Accurratech\App_Accurratech.iOS\App_Accurratech.iOS.csproj", "{9EE696B5-733D-4BA0-965A-2F388CB24F01}"
EndProject
Project("{9A19103F-16F7-4668-BE54-9A1E7A4F7556}") = "App_Accurratech", "App_Accurratech\App_Accurratech\App_Accurratech.csproj", "{81B7FD90-6AEF-4E2D-A142-19EEF7F0E19E}"
EndProject
Project("{FAE04EC0-301F-11D3-BF4B-00C04F79EFBC}") = "WPF", "WPF\WPF.csproj", "{4F706926-4714-400C-94C6-D305FBD7AAC8}"
EndProject
Project("{FAE04EC0-301F-11D3-BF4B-00C04F79EFBC}") = "Common", "Common\Common.csproj", "{0FC001E1-44B0-4897-A3B1-A22A31683D32}"
EndProject
Project("{FAE04EC0-301F-11D3-BF4B-00C04F79EFBC}") = "Common_Backend", "Common_Backend\Common_Backend.csproj", "{F7D6C30C-9906-44CB-BE83-9A5097872676}"
EndProject
Project("{FAE04EC0-301F-11D3-BF4B-00C04F79EFBC}") = "REST", "REST\REST.csproj", "{E0CA1453-942F-4365-8862-D13A167188FF}"
EndProject
Project("{FAE04EC0-301F-11D3-BF4B-00C04F79EFBC}") = "ClientApp", "ClientApp\ClientApp.csproj", "{229165CF-5028-4FE7-80AD-FFB20EFA6117}"
EndProject
Global
	GlobalSection(SolutionConfigurationPlatforms) = preSolution
		Debug|Any CPU = Debug|Any CPU
		Debug|ARM = Debug|ARM
		Debug|iPhone = Debug|iPhone
		Debug|iPhoneSimulator = Debug|iPhoneSimulator
		Debug|x64 = Debug|x64
		Debug|x86 = Debug|x86
		Release|Any CPU = Release|Any CPU
		Release|ARM = Release|ARM
		Release|iPhone = Release|iPhone
		Release|iPhoneSimulator = Release|iPhoneSimulator
		Release|x64 = Release|x64
		Release|x86 = Release|x86
	EndGlobalSection
	GlobalSection(ProjectConfigurationPlatforms) = postSolution
		{A96CF875-0E10-4219-B222-4BB9AF59A505}.Debug|Any CPU.ActiveCfg = Debug|x86
		{A96CF875-0E10-4219-B222-4BB9AF59A505}.Debug|Any CPU.Build.0 = Debug|x86
		{A96CF875-0E10-4219-B222-4BB9AF59A505}.Debug|Any CPU.Deploy.0 = Debug|x86
		{A96CF875-0E10-4219-B222-4BB9AF59A505}.Debug|ARM.ActiveCfg = Debug|ARM
		{A96CF875-0E10-4219-B222-4BB9AF59A505}.Debug|ARM.Build.0 = Debug|ARM
		{A96CF875-0E10-4219-B222-4BB9AF59A505}.Debug|ARM.Deploy.0 = Debug|ARM
		{A96CF875-0E10-4219-B222-4BB9AF59A505}.Debug|iPhone.ActiveCfg = Debug|x86
		{A96CF875-0E10-4219-B222-4BB9AF59A505}.Debug|iPhone.Build.0 = Debug|x86
		{A96CF875-0E10-4219-B222-4BB9AF59A505}.Debug|iPhone.Deploy.0 = Debug|x86
		{A96CF875-0E10-4219-B222-4BB9AF59A505}.Debug|iPhoneSimulator.ActiveCfg = Debug|x86
		{A96CF875-0E10-4219-B222-4BB9AF59A505}.Debug|iPhoneSimulator.Build.0 = Debug|x86
		{A96CF875-0E10-4219-B222-4BB9AF59A505}.Debug|iPhoneSimulator.Deploy.0 = Debug|x86
		{A96CF875-0E10-4219-B222-4BB9AF59A505}.Debug|x64.ActiveCfg = Debug|x64
		{A96CF875-0E10-4219-B222-4BB9AF59A505}.Debug|x64.Build.0 = Debug|x64
		{A96CF875-0E10-4219-B222-4BB9AF59A505}.Debug|x64.Deploy.0 = Debug|x64
		{A96CF875-0E10-4219-B222-4BB9AF59A505}.Debug|x86.ActiveCfg = Debug|x86
		{A96CF875-0E10-4219-B222-4BB9AF59A505}.Debug|x86.Build.0 = Debug|x86
		{A96CF875-0E10-4219-B222-4BB9AF59A505}.Debug|x86.Deploy.0 = Debug|x86
		{A96CF875-0E10-4219-B222-4BB9AF59A505}.Release|Any CPU.ActiveCfg = Release|x86
		{A96CF875-0E10-4219-B222-4BB9AF59A505}.Release|Any CPU.Build.0 = Release|x86
		{A96CF875-0E10-4219-B222-4BB9AF59A505}.Release|Any CPU.Deploy.0 = Release|x86
		{A96CF875-0E10-4219-B222-4BB9AF59A505}.Release|ARM.ActiveCfg = Release|ARM
		{A96CF875-0E10-4219-B222-4BB9AF59A505}.Release|ARM.Build.0 = Release|ARM
		{A96CF875-0E10-4219-B222-4BB9AF59A505}.Release|ARM.Deploy.0 = Release|ARM
		{A96CF875-0E10-4219-B222-4BB9AF59A505}.Release|iPhone.ActiveCfg = Release|x86
		{A96CF875-0E10-4219-B222-4BB9AF59A505}.Release|iPhone.Build.0 = Release|x86
		{A96CF875-0E10-4219-B222-4BB9AF59A505}.Release|iPhone.Deploy.0 = Release|x86
		{A96CF875-0E10-4219-B222-4BB9AF59A505}.Release|iPhoneSimulator.ActiveCfg = Release|x86
		{A96CF875-0E10-4219-B222-4BB9AF59A505}.Release|iPhoneSimulator.Build.0 = Release|x86
		{A96CF875-0E10-4219-B222-4BB9AF59A505}.Release|iPhoneSimulator.Deploy.0 = Release|x86
		{A96CF875-0E10-4219-B222-4BB9AF59A505}.Release|x64.ActiveCfg = Release|x64
		{A96CF875-0E10-4219-B222-4BB9AF59A505}.Release|x64.Build.0 = Release|x64
		{A96CF875-0E10-4219-B222-4BB9AF59A505}.Release|x64.Deploy.0 = Release|x64
		{A96CF875-0E10-4219-B222-4BB9AF59A505}.Release|x86.ActiveCfg = Release|x86
		{A96CF875-0E10-4219-B222-4BB9AF59A505}.Release|x86.Build.0 = Release|x86
		{A96CF875-0E10-4219-B222-4BB9AF59A505}.Release|x86.Deploy.0 = Release|x86
		{E9B2535A-615B-4E46-A920-40CE37B9653E}.Debug|Any CPU.ActiveCfg = Debug|Any CPU
		{E9B2535A-615B-4E46-A920-40CE37B9653E}.Debug|Any CPU.Build.0 = Debug|Any CPU
		{E9B2535A-615B-4E46-A920-40CE37B9653E}.Debug|Any CPU.Deploy.0 = Debug|Any CPU
		{E9B2535A-615B-4E46-A920-40CE37B9653E}.Debug|ARM.ActiveCfg = Debug|Any CPU
		{E9B2535A-615B-4E46-A920-40CE37B9653E}.Debug|ARM.Build.0 = Debug|Any CPU
		{E9B2535A-615B-4E46-A920-40CE37B9653E}.Debug|ARM.Deploy.0 = Debug|Any CPU
		{E9B2535A-615B-4E46-A920-40CE37B9653E}.Debug|iPhone.ActiveCfg = Debug|Any CPU
		{E9B2535A-615B-4E46-A920-40CE37B9653E}.Debug|iPhone.Build.0 = Debug|Any CPU
		{E9B2535A-615B-4E46-A920-40CE37B9653E}.Debug|iPhone.Deploy.0 = Debug|Any CPU
		{E9B2535A-615B-4E46-A920-40CE37B9653E}.Debug|iPhoneSimulator.ActiveCfg = Debug|Any CPU
		{E9B2535A-615B-4E46-A920-40CE37B9653E}.Debug|iPhoneSimulator.Build.0 = Debug|Any CPU
		{E9B2535A-615B-4E46-A920-40CE37B9653E}.Debug|iPhoneSimulator.Deploy.0 = Debug|Any CPU
		{E9B2535A-615B-4E46-A920-40CE37B9653E}.Debug|x64.ActiveCfg = Debug|Any CPU
		{E9B2535A-615B-4E46-A920-40CE37B9653E}.Debug|x64.Build.0 = Debug|Any CPU
		{E9B2535A-615B-4E46-A920-40CE37B9653E}.Debug|x64.Deploy.0 = Debug|Any CPU
		{E9B2535A-615B-4E46-A920-40CE37B9653E}.Debug|x86.ActiveCfg = Debug|Any CPU
		{E9B2535A-615B-4E46-A920-40CE37B9653E}.Debug|x86.Build.0 = Debug|Any CPU
		{E9B2535A-615B-4E46-A920-40CE37B9653E}.Debug|x86.Deploy.0 = Debug|Any CPU
		{E9B2535A-615B-4E46-A920-40CE37B9653E}.Release|Any CPU.ActiveCfg = Release|Any CPU
		{E9B2535A-615B-4E46-A920-40CE37B9653E}.Release|Any CPU.Build.0 = Release|Any CPU
		{E9B2535A-615B-4E46-A920-40CE37B9653E}.Release|Any CPU.Deploy.0 = Release|Any CPU
		{E9B2535A-615B-4E46-A920-40CE37B9653E}.Release|ARM.ActiveCfg = Release|Any CPU
		{E9B2535A-615B-4E46-A920-40CE37B9653E}.Release|ARM.Build.0 = Release|Any CPU
		{E9B2535A-615B-4E46-A920-40CE37B9653E}.Release|ARM.Deploy.0 = Release|Any CPU
		{E9B2535A-615B-4E46-A920-40CE37B9653E}.Release|iPhone.ActiveCfg = Release|Any CPU
		{E9B2535A-615B-4E46-A920-40CE37B9653E}.Release|iPhone.Build.0 = Release|Any CPU
		{E9B2535A-615B-4E46-A920-40CE37B9653E}.Release|iPhone.Deploy.0 = Release|Any CPU
		{E9B2535A-615B-4E46-A920-40CE37B9653E}.Release|iPhoneSimulator.ActiveCfg = Release|Any CPU
		{E9B2535A-615B-4E46-A920-40CE37B9653E}.Release|iPhoneSimulator.Build.0 = Release|Any CPU
		{E9B2535A-615B-4E46-A920-40CE37B9653E}.Release|iPhoneSimulator.Deploy.0 = Release|Any CPU
		{E9B2535A-615B-4E46-A920-40CE37B9653E}.Release|x64.ActiveCfg = Release|Any CPU
		{E9B2535A-615B-4E46-A920-40CE37B9653E}.Release|x64.Build.0 = Release|Any CPU
		{E9B2535A-615B-4E46-A920-40CE37B9653E}.Release|x64.Deploy.0 = Release|Any CPU
		{E9B2535A-615B-4E46-A920-40CE37B9653E}.Release|x86.ActiveCfg = Release|Any CPU
		{E9B2535A-615B-4E46-A920-40CE37B9653E}.Release|x86.Build.0 = Release|Any CPU
		{E9B2535A-615B-4E46-A920-40CE37B9653E}.Release|x86.Deploy.0 = Release|Any CPU
		{9EE696B5-733D-4BA0-965A-2F388CB24F01}.Debug|Any CPU.ActiveCfg = Debug|iPhone
		{9EE696B5-733D-4BA0-965A-2F388CB24F01}.Debug|Any CPU.Build.0 = Debug|iPhone
		{9EE696B5-733D-4BA0-965A-2F388CB24F01}.Debug|Any CPU.Deploy.0 = Debug|iPhone
		{9EE696B5-733D-4BA0-965A-2F388CB24F01}.Debug|ARM.ActiveCfg = Debug|iPhoneSimulator
		{9EE696B5-733D-4BA0-965A-2F388CB24F01}.Debug|ARM.Build.0 = Debug|iPhoneSimulator
		{9EE696B5-733D-4BA0-965A-2F388CB24F01}.Debug|ARM.Deploy.0 = Debug|iPhoneSimulator
		{9EE696B5-733D-4BA0-965A-2F388CB24F01}.Debug|iPhone.ActiveCfg = Debug|iPhone
		{9EE696B5-733D-4BA0-965A-2F388CB24F01}.Debug|iPhone.Build.0 = Debug|iPhone
		{9EE696B5-733D-4BA0-965A-2F388CB24F01}.Debug|iPhone.Deploy.0 = Debug|iPhone
		{9EE696B5-733D-4BA0-965A-2F388CB24F01}.Debug|iPhoneSimulator.ActiveCfg = Debug|iPhoneSimulator
		{9EE696B5-733D-4BA0-965A-2F388CB24F01}.Debug|iPhoneSimulator.Build.0 = Debug|iPhoneSimulator
		{9EE696B5-733D-4BA0-965A-2F388CB24F01}.Debug|iPhoneSimulator.Deploy.0 = Debug|iPhoneSimulator
		{9EE696B5-733D-4BA0-965A-2F388CB24F01}.Debug|x64.ActiveCfg = Debug|iPhone
		{9EE696B5-733D-4BA0-965A-2F388CB24F01}.Debug|x64.Build.0 = Debug|iPhone
		{9EE696B5-733D-4BA0-965A-2F388CB24F01}.Debug|x64.Deploy.0 = Debug|iPhone
		{9EE696B5-733D-4BA0-965A-2F388CB24F01}.Debug|x86.ActiveCfg = Debug|iPhone
		{9EE696B5-733D-4BA0-965A-2F388CB24F01}.Debug|x86.Build.0 = Debug|iPhone
		{9EE696B5-733D-4BA0-965A-2F388CB24F01}.Debug|x86.Deploy.0 = Debug|iPhone
		{9EE696B5-733D-4BA0-965A-2F388CB24F01}.Release|Any CPU.ActiveCfg = Release|iPhone
		{9EE696B5-733D-4BA0-965A-2F388CB24F01}.Release|Any CPU.Build.0 = Release|iPhone
		{9EE696B5-733D-4BA0-965A-2F388CB24F01}.Release|Any CPU.Deploy.0 = Release|iPhone
		{9EE696B5-733D-4BA0-965A-2F388CB24F01}.Release|ARM.ActiveCfg = Release|iPhone
		{9EE696B5-733D-4BA0-965A-2F388CB24F01}.Release|ARM.Build.0 = Release|iPhone
		{9EE696B5-733D-4BA0-965A-2F388CB24F01}.Release|ARM.Deploy.0 = Release|iPhone
		{9EE696B5-733D-4BA0-965A-2F388CB24F01}.Release|iPhone.ActiveCfg = Release|iPhone
		{9EE696B5-733D-4BA0-965A-2F388CB24F01}.Release|iPhone.Build.0 = Release|iPhone
		{9EE696B5-733D-4BA0-965A-2F388CB24F01}.Release|iPhone.Deploy.0 = Release|iPhone
		{9EE696B5-733D-4BA0-965A-2F388CB24F01}.Release|iPhoneSimulator.ActiveCfg = Release|iPhoneSimulator
		{9EE696B5-733D-4BA0-965A-2F388CB24F01}.Release|iPhoneSimulator.Build.0 = Release|iPhoneSimulator
		{9EE696B5-733D-4BA0-965A-2F388CB24F01}.Release|iPhoneSimulator.Deploy.0 = Release|iPhoneSimulator
		{9EE696B5-733D-4BA0-965A-2F388CB24F01}.Release|x64.ActiveCfg = Release|iPhone
		{9EE696B5-733D-4BA0-965A-2F388CB24F01}.Release|x64.Build.0 = Release|iPhone
		{9EE696B5-733D-4BA0-965A-2F388CB24F01}.Release|x64.Deploy.0 = Release|iPhone
		{9EE696B5-733D-4BA0-965A-2F388CB24F01}.Release|x86.ActiveCfg = Release|iPhone
		{9EE696B5-733D-4BA0-965A-2F388CB24F01}.Release|x86.Build.0 = Release|iPhone
		{9EE696B5-733D-4BA0-965A-2F388CB24F01}.Release|x86.Deploy.0 = Release|iPhone
		{81B7FD90-6AEF-4E2D-A142-19EEF7F0E19E}.Debug|Any CPU.ActiveCfg = Debug|Any CPU
		{81B7FD90-6AEF-4E2D-A142-19EEF7F0E19E}.Debug|Any CPU.Build.0 = Debug|Any CPU
		{81B7FD90-6AEF-4E2D-A142-19EEF7F0E19E}.Debug|Any CPU.Deploy.0 = Debug|Any CPU
		{81B7FD90-6AEF-4E2D-A142-19EEF7F0E19E}.Debug|ARM.ActiveCfg = Debug|Any CPU
		{81B7FD90-6AEF-4E2D-A142-19EEF7F0E19E}.Debug|ARM.Build.0 = Debug|Any CPU
		{81B7FD90-6AEF-4E2D-A142-19EEF7F0E19E}.Debug|ARM.Deploy.0 = Debug|Any CPU
		{81B7FD90-6AEF-4E2D-A142-19EEF7F0E19E}.Debug|iPhone.ActiveCfg = Debug|Any CPU
		{81B7FD90-6AEF-4E2D-A142-19EEF7F0E19E}.Debug|iPhone.Build.0 = Debug|Any CPU
		{81B7FD90-6AEF-4E2D-A142-19EEF7F0E19E}.Debug|iPhone.Deploy.0 = Debug|Any CPU
		{81B7FD90-6AEF-4E2D-A142-19EEF7F0E19E}.Debug|iPhoneSimulator.ActiveCfg = Debug|Any CPU
		{81B7FD90-6AEF-4E2D-A142-19EEF7F0E19E}.Debug|iPhoneSimulator.Build.0 = Debug|Any CPU
		{81B7FD90-6AEF-4E2D-A142-19EEF7F0E19E}.Debug|iPhoneSimulator.Deploy.0 = Debug|Any CPU
		{81B7FD90-6AEF-4E2D-A142-19EEF7F0E19E}.Debug|x64.ActiveCfg = Debug|Any CPU
		{81B7FD90-6AEF-4E2D-A142-19EEF7F0E19E}.Debug|x64.Build.0 = Debug|Any CPU
		{81B7FD90-6AEF-4E2D-A142-19EEF7F0E19E}.Debug|x64.Deploy.0 = Debug|Any CPU
		{81B7FD90-6AEF-4E2D-A142-19EEF7F0E19E}.Debug|x86.ActiveCfg = Debug|Any CPU
		{81B7FD90-6AEF-4E2D-A142-19EEF7F0E19E}.Debug|x86.Build.0 = Debug|Any CPU
		{81B7FD90-6AEF-4E2D-A142-19EEF7F0E19E}.Debug|x86.Deploy.0 = Debug|Any CPU
		{81B7FD90-6AEF-4E2D-A142-19EEF7F0E19E}.Release|Any CPU.ActiveCfg = Release|Any CPU
		{81B7FD90-6AEF-4E2D-A142-19EEF7F0E19E}.Release|Any CPU.Build.0 = Release|Any CPU
		{81B7FD90-6AEF-4E2D-A142-19EEF7F0E19E}.Release|Any CPU.Deploy.0 = Release|Any CPU
		{81B7FD90-6AEF-4E2D-A142-19EEF7F0E19E}.Release|ARM.ActiveCfg = Release|Any CPU
		{81B7FD90-6AEF-4E2D-A142-19EEF7F0E19E}.Release|ARM.Build.0 = Release|Any CPU
		{81B7FD90-6AEF-4E2D-A142-19EEF7F0E19E}.Release|ARM.Deploy.0 = Release|Any CPU
		{81B7FD90-6AEF-4E2D-A142-19EEF7F0E19E}.Release|iPhone.ActiveCfg = Release|Any CPU
		{81B7FD90-6AEF-4E2D-A142-19EEF7F0E19E}.Release|iPhone.Build.0 = Release|Any CPU
		{81B7FD90-6AEF-4E2D-A142-19EEF7F0E19E}.Release|iPhone.Deploy.0 = Release|Any CPU
		{81B7FD90-6AEF-4E2D-A142-19EEF7F0E19E}.Release|iPhoneSimulator.ActiveCfg = Release|Any CPU
		{81B7FD90-6AEF-4E2D-A142-19EEF7F0E19E}.Release|iPhoneSimulator.Build.0 = Release|Any CPU
		{81B7FD90-6AEF-4E2D-A142-19EEF7F0E19E}.Release|iPhoneSimulator.Deploy.0 = Release|Any CPU
		{81B7FD90-6AEF-4E2D-A142-19EEF7F0E19E}.Release|x64.ActiveCfg = Release|Any CPU
		{81B7FD90-6AEF-4E2D-A142-19EEF7F0E19E}.Release|x64.Build.0 = Release|Any CPU
		{81B7FD90-6AEF-4E2D-A142-19EEF7F0E19E}.Release|x64.Deploy.0 = Release|Any CPU
		{81B7FD90-6AEF-4E2D-A142-19EEF7F0E19E}.Release|x86.ActiveCfg = Release|Any CPU
		{81B7FD90-6AEF-4E2D-A142-19EEF7F0E19E}.Release|x86.Build.0 = Release|Any CPU
		{81B7FD90-6AEF-4E2D-A142-19EEF7F0E19E}.Release|x86.Deploy.0 = Release|Any CPU
		{4F706926-4714-400C-94C6-D305FBD7AAC8}.Debug|Any CPU.ActiveCfg = Debug|Any CPU
		{4F706926-4714-400C-94C6-D305FBD7AAC8}.Debug|Any CPU.Build.0 = Debug|Any CPU
		{4F706926-4714-400C-94C6-D305FBD7AAC8}.Debug|ARM.ActiveCfg = Debug|Any CPU
		{4F706926-4714-400C-94C6-D305FBD7AAC8}.Debug|ARM.Build.0 = Debug|Any CPU
		{4F706926-4714-400C-94C6-D305FBD7AAC8}.Debug|iPhone.ActiveCfg = Debug|Any CPU
		{4F706926-4714-400C-94C6-D305FBD7AAC8}.Debug|iPhone.Build.0 = Debug|Any CPU
		{4F706926-4714-400C-94C6-D305FBD7AAC8}.Debug|iPhoneSimulator.ActiveCfg = Debug|Any CPU
		{4F706926-4714-400C-94C6-D305FBD7AAC8}.Debug|iPhoneSimulator.Build.0 = Debug|Any CPU
		{4F706926-4714-400C-94C6-D305FBD7AAC8}.Debug|x64.ActiveCfg = Debug|Any CPU
		{4F706926-4714-400C-94C6-D305FBD7AAC8}.Debug|x64.Build.0 = Debug|Any CPU
		{4F706926-4714-400C-94C6-D305FBD7AAC8}.Debug|x86.ActiveCfg = Debug|Any CPU
		{4F706926-4714-400C-94C6-D305FBD7AAC8}.Debug|x86.Build.0 = Debug|Any CPU
		{4F706926-4714-400C-94C6-D305FBD7AAC8}.Release|Any CPU.ActiveCfg = Release|Any CPU
		{4F706926-4714-400C-94C6-D305FBD7AAC8}.Release|Any CPU.Build.0 = Release|Any CPU
		{4F706926-4714-400C-94C6-D305FBD7AAC8}.Release|ARM.ActiveCfg = Release|Any CPU
		{4F706926-4714-400C-94C6-D305FBD7AAC8}.Release|ARM.Build.0 = Release|Any CPU
		{4F706926-4714-400C-94C6-D305FBD7AAC8}.Release|iPhone.ActiveCfg = Release|Any CPU
		{4F706926-4714-400C-94C6-D305FBD7AAC8}.Release|iPhone.Build.0 = Release|Any CPU
		{4F706926-4714-400C-94C6-D305FBD7AAC8}.Release|iPhoneSimulator.ActiveCfg = Release|Any CPU
		{4F706926-4714-400C-94C6-D305FBD7AAC8}.Release|iPhoneSimulator.Build.0 = Release|Any CPU
		{4F706926-4714-400C-94C6-D305FBD7AAC8}.Release|x64.ActiveCfg = Release|Any CPU
		{4F706926-4714-400C-94C6-D305FBD7AAC8}.Release|x64.Build.0 = Release|Any CPU
		{4F706926-4714-400C-94C6-D305FBD7AAC8}.Release|x86.ActiveCfg = Release|Any CPU
		{4F706926-4714-400C-94C6-D305FBD7AAC8}.Release|x86.Build.0 = Release|Any CPU
		{0FC001E1-44B0-4897-A3B1-A22A31683D32}.Debug|Any CPU.ActiveCfg = Debug|Any CPU
		{0FC001E1-44B0-4897-A3B1-A22A31683D32}.Debug|Any CPU.Build.0 = Debug|Any CPU
		{0FC001E1-44B0-4897-A3B1-A22A31683D32}.Debug|ARM.ActiveCfg = Debug|Any CPU
		{0FC001E1-44B0-4897-A3B1-A22A31683D32}.Debug|ARM.Build.0 = Debug|Any CPU
		{0FC001E1-44B0-4897-A3B1-A22A31683D32}.Debug|iPhone.ActiveCfg = Debug|Any CPU
		{0FC001E1-44B0-4897-A3B1-A22A31683D32}.Debug|iPhone.Build.0 = Debug|Any CPU
		{0FC001E1-44B0-4897-A3B1-A22A31683D32}.Debug|iPhoneSimulator.ActiveCfg = Debug|Any CPU
		{0FC001E1-44B0-4897-A3B1-A22A31683D32}.Debug|iPhoneSimulator.Build.0 = Debug|Any CPU
		{0FC001E1-44B0-4897-A3B1-A22A31683D32}.Debug|x64.ActiveCfg = Debug|Any CPU
		{0FC001E1-44B0-4897-A3B1-A22A31683D32}.Debug|x64.Build.0 = Debug|Any CPU
		{0FC001E1-44B0-4897-A3B1-A22A31683D32}.Debug|x86.ActiveCfg = Debug|Any CPU
		{0FC001E1-44B0-4897-A3B1-A22A31683D32}.Debug|x86.Build.0 = Debug|Any CPU
		{0FC001E1-44B0-4897-A3B1-A22A31683D32}.Release|Any CPU.ActiveCfg = Release|Any CPU
		{0FC001E1-44B0-4897-A3B1-A22A31683D32}.Release|Any CPU.Build.0 = Release|Any CPU
		{0FC001E1-44B0-4897-A3B1-A22A31683D32}.Release|ARM.ActiveCfg = Release|Any CPU
		{0FC001E1-44B0-4897-A3B1-A22A31683D32}.Release|ARM.Build.0 = Release|Any CPU
		{0FC001E1-44B0-4897-A3B1-A22A31683D32}.Release|iPhone.ActiveCfg = Release|Any CPU
		{0FC001E1-44B0-4897-A3B1-A22A31683D32}.Release|iPhone.Build.0 = Release|Any CPU
		{0FC001E1-44B0-4897-A3B1-A22A31683D32}.Release|iPhoneSimulator.ActiveCfg = Release|Any CPU
		{0FC001E1-44B0-4897-A3B1-A22A31683D32}.Release|iPhoneSimulator.Build.0 = Release|Any CPU
		{0FC001E1-44B0-4897-A3B1-A22A31683D32}.Release|x64.ActiveCfg = Release|Any CPU
		{0FC001E1-44B0-4897-A3B1-A22A31683D32}.Release|x64.Build.0 = Release|Any CPU
		{0FC001E1-44B0-4897-A3B1-A22A31683D32}.Release|x86.ActiveCfg = Release|Any CPU
		{0FC001E1-44B0-4897-A3B1-A22A31683D32}.Release|x86.Build.0 = Release|Any CPU
		{F7D6C30C-9906-44CB-BE83-9A5097872676}.Debug|Any CPU.ActiveCfg = Debug|Any CPU
		{F7D6C30C-9906-44CB-BE83-9A5097872676}.Debug|Any CPU.Build.0 = Debug|Any CPU
		{F7D6C30C-9906-44CB-BE83-9A5097872676}.Debug|ARM.ActiveCfg = Debug|Any CPU
		{F7D6C30C-9906-44CB-BE83-9A5097872676}.Debug|ARM.Build.0 = Debug|Any CPU
		{F7D6C30C-9906-44CB-BE83-9A5097872676}.Debug|iPhone.ActiveCfg = Debug|Any CPU
		{F7D6C30C-9906-44CB-BE83-9A5097872676}.Debug|iPhone.Build.0 = Debug|Any CPU
		{F7D6C30C-9906-44CB-BE83-9A5097872676}.Debug|iPhoneSimulator.ActiveCfg = Debug|Any CPU
		{F7D6C30C-9906-44CB-BE83-9A5097872676}.Debug|iPhoneSimulator.Build.0 = Debug|Any CPU
		{F7D6C30C-9906-44CB-BE83-9A5097872676}.Debug|x64.ActiveCfg = Debug|Any CPU
		{F7D6C30C-9906-44CB-BE83-9A5097872676}.Debug|x64.Build.0 = Debug|Any CPU
		{F7D6C30C-9906-44CB-BE83-9A5097872676}.Debug|x86.ActiveCfg = Debug|Any CPU
		{F7D6C30C-9906-44CB-BE83-9A5097872676}.Debug|x86.Build.0 = Debug|Any CPU
		{F7D6C30C-9906-44CB-BE83-9A5097872676}.Release|Any CPU.ActiveCfg = Release|Any CPU
		{F7D6C30C-9906-44CB-BE83-9A5097872676}.Release|Any CPU.Build.0 = Release|Any CPU
		{F7D6C30C-9906-44CB-BE83-9A5097872676}.Release|ARM.ActiveCfg = Release|Any CPU
		{F7D6C30C-9906-44CB-BE83-9A5097872676}.Release|ARM.Build.0 = Release|Any CPU
		{F7D6C30C-9906-44CB-BE83-9A5097872676}.Release|iPhone.ActiveCfg = Release|Any CPU
		{F7D6C30C-9906-44CB-BE83-9A5097872676}.Release|iPhone.Build.0 = Release|Any CPU
		{F7D6C30C-9906-44CB-BE83-9A5097872676}.Release|iPhoneSimulator.ActiveCfg = Release|Any CPU
		{F7D6C30C-9906-44CB-BE83-9A5097872676}.Release|iPhoneSimulator.Build.0 = Release|Any CPU
		{F7D6C30C-9906-44CB-BE83-9A5097872676}.Release|x64.ActiveCfg = Release|Any CPU
		{F7D6C30C-9906-44CB-BE83-9A5097872676}.Release|x64.Build.0 = Release|Any CPU
		{F7D6C30C-9906-44CB-BE83-9A5097872676}.Release|x86.ActiveCfg = Release|Any CPU
		{F7D6C30C-9906-44CB-BE83-9A5097872676}.Release|x86.Build.0 = Release|Any CPU
		{E0CA1453-942F-4365-8862-D13A167188FF}.Debug|Any CPU.ActiveCfg = Debug|Any CPU
		{E0CA1453-942F-4365-8862-D13A167188FF}.Debug|Any CPU.Build.0 = Debug|Any CPU
		{E0CA1453-942F-4365-8862-D13A167188FF}.Debug|ARM.ActiveCfg = Debug|Any CPU
		{E0CA1453-942F-4365-8862-D13A167188FF}.Debug|ARM.Build.0 = Debug|Any CPU
		{E0CA1453-942F-4365-8862-D13A167188FF}.Debug|iPhone.ActiveCfg = Debug|Any CPU
		{E0CA1453-942F-4365-8862-D13A167188FF}.Debug|iPhone.Build.0 = Debug|Any CPU
		{E0CA1453-942F-4365-8862-D13A167188FF}.Debug|iPhoneSimulator.ActiveCfg = Debug|Any CPU
		{E0CA1453-942F-4365-8862-D13A167188FF}.Debug|iPhoneSimulator.Build.0 = Debug|Any CPU
		{E0CA1453-942F-4365-8862-D13A167188FF}.Debug|x64.ActiveCfg = Debug|Any CPU
		{E0CA1453-942F-4365-8862-D13A167188FF}.Debug|x64.Build.0 = Debug|Any CPU
		{E0CA1453-942F-4365-8862-D13A167188FF}.Debug|x86.ActiveCfg = Debug|Any CPU
		{E0CA1453-942F-4365-8862-D13A167188FF}.Debug|x86.Build.0 = Debug|Any CPU
		{E0CA1453-942F-4365-8862-D13A167188FF}.Release|Any CPU.ActiveCfg = Release|Any CPU
		{E0CA1453-942F-4365-8862-D13A167188FF}.Release|Any CPU.Build.0 = Release|Any CPU
		{E0CA1453-942F-4365-8862-D13A167188FF}.Release|ARM.ActiveCfg = Release|Any CPU
		{E0CA1453-942F-4365-8862-D13A167188FF}.Release|ARM.Build.0 = Release|Any CPU
		{E0CA1453-942F-4365-8862-D13A167188FF}.Release|iPhone.ActiveCfg = Release|Any CPU
		{E0CA1453-942F-4365-8862-D13A167188FF}.Release|iPhone.Build.0 = Release|Any CPU
		{E0CA1453-942F-4365-8862-D13A167188FF}.Release|iPhoneSimulator.ActiveCfg = Release|Any CPU
		{E0CA1453-942F-4365-8862-D13A167188FF}.Release|iPhoneSimulator.Build.0 = Release|Any CPU
		{E0CA1453-942F-4365-8862-D13A167188FF}.Release|x64.ActiveCfg = Release|Any CPU
		{E0CA1453-942F-4365-8862-D13A167188FF}.Release|x64.Build.0 = Release|Any CPU
		{E0CA1453-942F-4365-8862-D13A167188FF}.Release|x86.ActiveCfg = Release|Any CPU
		{E0CA1453-942F-4365-8862-D13A167188FF}.Release|x86.Build.0 = Release|Any CPU
		{229165CF-5028-4FE7-80AD-FFB20EFA6117}.Debug|Any CPU.ActiveCfg = Debug|Any CPU
		{229165CF-5028-4FE7-80AD-FFB20EFA6117}.Debug|Any CPU.Build.0 = Debug|Any CPU
		{229165CF-5028-4FE7-80AD-FFB20EFA6117}.Debug|ARM.ActiveCfg = Debug|Any CPU
		{229165CF-5028-4FE7-80AD-FFB20EFA6117}.Debug|ARM.Build.0 = Debug|Any CPU
		{229165CF-5028-4FE7-80AD-FFB20EFA6117}.Debug|iPhone.ActiveCfg = Debug|Any CPU
		{229165CF-5028-4FE7-80AD-FFB20EFA6117}.Debug|iPhone.Build.0 = Debug|Any CPU
		{229165CF-5028-4FE7-80AD-FFB20EFA6117}.Debug|iPhoneSimulator.ActiveCfg = Debug|Any CPU
		{229165CF-5028-4FE7-80AD-FFB20EFA6117}.Debug|iPhoneSimulator.Build.0 = Debug|Any CPU
		{229165CF-5028-4FE7-80AD-FFB20EFA6117}.Debug|x64.ActiveCfg = Debug|Any CPU
		{229165CF-5028-4FE7-80AD-FFB20EFA6117}.Debug|x64.Build.0 = Debug|Any CPU
		{229165CF-5028-4FE7-80AD-FFB20EFA6117}.Debug|x86.ActiveCfg = Debug|Any CPU
		{229165CF-5028-4FE7-80AD-FFB20EFA6117}.Debug|x86.Build.0 = Debug|Any CPU
		{229165CF-5028-4FE7-80AD-FFB20EFA6117}.Release|Any CPU.ActiveCfg = Release|Any CPU
		{229165CF-5028-4FE7-80AD-FFB20EFA6117}.Release|Any CPU.Build.0 = Release|Any CPU
		{229165CF-5028-4FE7-80AD-FFB20EFA6117}.Release|ARM.ActiveCfg = Release|Any CPU
		{229165CF-5028-4FE7-80AD-FFB20EFA6117}.Release|ARM.Build.0 = Release|Any CPU
		{229165CF-5028-4FE7-80AD-FFB20EFA6117}.Release|iPhone.ActiveCfg = Release|Any CPU
		{229165CF-5028-4FE7-80AD-FFB20EFA6117}.Release|iPhone.Build.0 = Release|Any CPU
		{229165CF-5028-4FE7-80AD-FFB20EFA6117}.Release|iPhoneSimulator.ActiveCfg = Release|Any CPU
		{229165CF-5028-4FE7-80AD-FFB20EFA6117}.Release|iPhoneSimulator.Build.0 = Release|Any CPU
		{229165CF-5028-4FE7-80AD-FFB20EFA6117}.Release|x64.ActiveCfg = Release|Any CPU
		{229165CF-5028-4FE7-80AD-FFB20EFA6117}.Release|x64.Build.0 = Release|Any CPU
		{229165CF-5028-4FE7-80AD-FFB20EFA6117}.Release|x86.ActiveCfg = Release|Any CPU
		{229165CF-5028-4FE7-80AD-FFB20EFA6117}.Release|x86.Build.0 = Release|Any CPU
	EndGlobalSection
	GlobalSection(SolutionProperties) = preSolution
		HideSolutionNode = FALSE
	EndGlobalSection
	GlobalSection(ExtensibilityGlobals) = postSolution
		SolutionGuid = {44E19816-0B1B-46B2-8F3D-F7D994F4C3B1}
	EndGlobalSection
EndGlobal
